// !$*UTF8*$!
{
	archiveVersion = 1;
	classes = {
	};
	objectVersion = 46;
	objects = {

/* Begin PBXBuildFile section */
		2C11512A1AD57A9E004DB4C7 /* CDData.swift in Sources */ = {isa = PBXBuildFile; fileRef = 2C1151291AD57A9E004DB4C7 /* CDData.swift */; };
		2C1E4A141AC34A7900119261 /* BackUpCode.swift in Sources */ = {isa = PBXBuildFile; fileRef = 2C1E4A131AC34A7900119261 /* BackUpCode.swift */; };
		2C1E4A161AC34FAE00119261 /* SettingsViewController.swift in Sources */ = {isa = PBXBuildFile; fileRef = 2C1E4A151AC34FAE00119261 /* SettingsViewController.swift */; };
		2C1E4A181AC3509900119261 /* PersonsStatsViewController.swift in Sources */ = {isa = PBXBuildFile; fileRef = 2C1E4A171AC3509900119261 /* PersonsStatsViewController.swift */; };
		2C5493B41AB0CA95005F0D19 /* ScoreGroups.swift in Sources */ = {isa = PBXBuildFile; fileRef = 2C5493B31AB0CA95005F0D19 /* ScoreGroups.swift */; };
		2C62F54C1AD96046003594D0 /* Pokerlists.swift in Sources */ = {isa = PBXBuildFile; fileRef = 2C62F54B1AD96046003594D0 /* Pokerlists.swift */; };
		2CAD85351AAE27DD009EDA67 /* PersonsViewController.swift in Sources */ = {isa = PBXBuildFile; fileRef = 2CAD85341AAE27DD009EDA67 /* PersonsViewController.swift */; };
		2CAD85371AAE27FA009EDA67 /* AlertViewController.swift in Sources */ = {isa = PBXBuildFile; fileRef = 2CAD85361AAE27FA009EDA67 /* AlertViewController.swift */; };
		2CC387C31AAF6B610007B889 /* Scores.swift in Sources */ = {isa = PBXBuildFile; fileRef = 2CC387C21AAF6B610007B889 /* Scores.swift */; };
		2CCE29DD1AAC9B9400FD0A57 /* AppDelegate.swift in Sources */ = {isa = PBXBuildFile; fileRef = 2CCE29DC1AAC9B9400FD0A57 /* AppDelegate.swift */; };
		2CCE29E01AAC9B9400FD0A57 /* iPokerlist.xcdatamodeld in Sources */ = {isa = PBXBuildFile; fileRef = 2CCE29DE1AAC9B9400FD0A57 /* iPokerlist.xcdatamodeld */; };
		2CCE29E21AAC9B9400FD0A57 /* ViewController.swift in Sources */ = {isa = PBXBuildFile; fileRef = 2CCE29E11AAC9B9400FD0A57 /* ViewController.swift */; };
		2CCE29E51AAC9B9400FD0A57 /* Main.storyboard in Resources */ = {isa = PBXBuildFile; fileRef = 2CCE29E31AAC9B9400FD0A57 /* Main.storyboard */; };
		2CCE29E71AAC9B9400FD0A57 /* Images.xcassets in Resources */ = {isa = PBXBuildFile; fileRef = 2CCE29E61AAC9B9400FD0A57 /* Images.xcassets */; };
		2CCE29EA1AAC9B9400FD0A57 /* LaunchScreen.xib in Resources */ = {isa = PBXBuildFile; fileRef = 2CCE29E81AAC9B9400FD0A57 /* LaunchScreen.xib */; };
		2CCE29F61AAC9B9400FD0A57 /* iPokerlistTests.swift in Sources */ = {isa = PBXBuildFile; fileRef = 2CCE29F51AAC9B9400FD0A57 /* iPokerlistTests.swift */; };
		2CCE2A021AAC9D7200FD0A57 /* Extensions.swift in Sources */ = {isa = PBXBuildFile; fileRef = 2CCE2A011AAC9D7200FD0A57 /* Extensions.swift */; };
		2CCE2A041AAC9D8700FD0A57 /* Functions.swift in Sources */ = {isa = PBXBuildFile; fileRef = 2CCE2A031AAC9D8700FD0A57 /* Functions.swift */; };
		2CCE2A061AAC9DB000FD0A57 /* Data.swift in Sources */ = {isa = PBXBuildFile; fileRef = 2CCE2A051AAC9DB000FD0A57 /* Data.swift */; };
		2CCE2A081AAC9DBF00FD0A57 /* Persons.swift in Sources */ = {isa = PBXBuildFile; fileRef = 2CCE2A071AAC9DBF00FD0A57 /* Persons.swift */; };
		2CCE2A0A1AACA26800FD0A57 /* Results.swift in Sources */ = {isa = PBXBuildFile; fileRef = 2CCE2A091AACA26800FD0A57 /* Results.swift */; };
		2CCE2A0C1AACC16700FD0A57 /* ResultsViewController.swift in Sources */ = {isa = PBXBuildFile; fileRef = 2CCE2A0B1AACC16700FD0A57 /* ResultsViewController.swift */; };
		2CCE2A0E1AACC1E500FD0A57 /* iUIDatePicker.swift in Sources */ = {isa = PBXBuildFile; fileRef = 2CCE2A0D1AACC1E500FD0A57 /* iUIDatePicker.swift */; };
		2CCFAE271ABDE36C00D5E360 /* iUITextField.swift in Sources */ = {isa = PBXBuildFile; fileRef = 2CCFAE261ABDE36C00D5E360 /* iUITextField.swift */; };
		2CE603621AD2F2090085A3C5 /* TableScoresViewController.swift in Sources */ = {isa = PBXBuildFile; fileRef = 2CE603611AD2F2090085A3C5 /* TableScoresViewController.swift */; };
/* End PBXBuildFile section */

/* Begin PBXContainerItemProxy section */
		2CCE29F01AAC9B9400FD0A57 /* PBXContainerItemProxy */ = {
			isa = PBXContainerItemProxy;
			containerPortal = 2CCE29CF1AAC9B9400FD0A57 /* Project object */;
			proxyType = 1;
			remoteGlobalIDString = 2CCE29D61AAC9B9400FD0A57;
			remoteInfo = iPokerlist;
		};
/* End PBXContainerItemProxy section */

/* Begin PBXFileReference section */
		2C1151291AD57A9E004DB4C7 /* CDData.swift */ = {isa = PBXFileReference; fileEncoding = 4; lastKnownFileType = sourcecode.swift; path = CDData.swift; sourceTree = "<group>"; };
		2C1E4A131AC34A7900119261 /* BackUpCode.swift */ = {isa = PBXFileReference; fileEncoding = 4; lastKnownFileType = sourcecode.swift; path = BackUpCode.swift; sourceTree = "<group>"; };
		2C1E4A151AC34FAE00119261 /* SettingsViewController.swift */ = {isa = PBXFileReference; fileEncoding = 4; lastKnownFileType = sourcecode.swift; path = SettingsViewController.swift; sourceTree = "<group>"; };
		2C1E4A171AC3509900119261 /* PersonsStatsViewController.swift */ = {isa = PBXFileReference; fileEncoding = 4; lastKnownFileType = sourcecode.swift; path = PersonsStatsViewController.swift; sourceTree = "<group>"; };
		2C5493B31AB0CA95005F0D19 /* ScoreGroups.swift */ = {isa = PBXFileReference; fileEncoding = 4; lastKnownFileType = sourcecode.swift; path = ScoreGroups.swift; sourceTree = "<group>"; };
		2C62F54B1AD96046003594D0 /* Pokerlists.swift */ = {isa = PBXFileReference; fileEncoding = 4; lastKnownFileType = sourcecode.swift; path = Pokerlists.swift; sourceTree = "<group>"; };
		2CAD85341AAE27DD009EDA67 /* PersonsViewController.swift */ = {isa = PBXFileReference; fileEncoding = 4; lastKnownFileType = sourcecode.swift; path = PersonsViewController.swift; sourceTree = "<group>"; };
		2CAD85361AAE27FA009EDA67 /* AlertViewController.swift */ = {isa = PBXFileReference; fileEncoding = 4; lastKnownFileType = sourcecode.swift; path = AlertViewController.swift; sourceTree = "<group>"; };
		2CC387C21AAF6B610007B889 /* Scores.swift */ = {isa = PBXFileReference; fileEncoding = 4; lastKnownFileType = sourcecode.swift; path = Scores.swift; sourceTree = "<group>"; };
		2CCE29D71AAC9B9400FD0A57 /* iPokerlist.app */ = {isa = PBXFileReference; explicitFileType = wrapper.application; includeInIndex = 0; path = iPokerlist.app; sourceTree = BUILT_PRODUCTS_DIR; };
		2CCE29DB1AAC9B9400FD0A57 /* Info.plist */ = {isa = PBXFileReference; lastKnownFileType = text.plist.xml; path = Info.plist; sourceTree = "<group>"; };
		2CCE29DC1AAC9B9400FD0A57 /* AppDelegate.swift */ = {isa = PBXFileReference; lastKnownFileType = sourcecode.swift; path = AppDelegate.swift; sourceTree = "<group>"; };
		2CCE29DF1AAC9B9400FD0A57 /* iPokerlist.xcdatamodel */ = {isa = PBXFileReference; lastKnownFileType = wrapper.xcdatamodel; path = iPokerlist.xcdatamodel; sourceTree = "<group>"; };
		2CCE29E11AAC9B9400FD0A57 /* ViewController.swift */ = {isa = PBXFileReference; lastKnownFileType = sourcecode.swift; path = ViewController.swift; sourceTree = "<group>"; };
		2CCE29E41AAC9B9400FD0A57 /* Base */ = {isa = PBXFileReference; lastKnownFileType = file.storyboard; name = Base; path = Base.lproj/Main.storyboard; sourceTree = "<group>"; };
		2CCE29E61AAC9B9400FD0A57 /* Images.xcassets */ = {isa = PBXFileReference; lastKnownFileType = folder.assetcatalog; path = Images.xcassets; sourceTree = "<group>"; };
		2CCE29E91AAC9B9400FD0A57 /* Base */ = {isa = PBXFileReference; lastKnownFileType = file.xib; name = Base; path = Base.lproj/LaunchScreen.xib; sourceTree = "<group>"; };
		2CCE29EF1AAC9B9400FD0A57 /* iPokerlistTests.xctest */ = {isa = PBXFileReference; explicitFileType = wrapper.cfbundle; includeInIndex = 0; path = iPokerlistTests.xctest; sourceTree = BUILT_PRODUCTS_DIR; };
		2CCE29F41AAC9B9400FD0A57 /* Info.plist */ = {isa = PBXFileReference; lastKnownFileType = text.plist.xml; path = Info.plist; sourceTree = "<group>"; };
		2CCE29F51AAC9B9400FD0A57 /* iPokerlistTests.swift */ = {isa = PBXFileReference; lastKnownFileType = sourcecode.swift; path = iPokerlistTests.swift; sourceTree = "<group>"; };
		2CCE2A011AAC9D7200FD0A57 /* Extensions.swift */ = {isa = PBXFileReference; fileEncoding = 4; lastKnownFileType = sourcecode.swift; path = Extensions.swift; sourceTree = "<group>"; };
		2CCE2A031AAC9D8700FD0A57 /* Functions.swift */ = {isa = PBXFileReference; fileEncoding = 4; lastKnownFileType = sourcecode.swift; path = Functions.swift; sourceTree = "<group>"; };
		2CCE2A051AAC9DB000FD0A57 /* Data.swift */ = {isa = PBXFileReference; fileEncoding = 4; lastKnownFileType = sourcecode.swift; path = Data.swift; sourceTree = "<group>"; };
		2CCE2A071AAC9DBF00FD0A57 /* Persons.swift */ = {isa = PBXFileReference; fileEncoding = 4; lastKnownFileType = sourcecode.swift; path = Persons.swift; sourceTree = "<group>"; };
		2CCE2A091AACA26800FD0A57 /* Results.swift */ = {isa = PBXFileReference; fileEncoding = 4; lastKnownFileType = sourcecode.swift; path = Results.swift; sourceTree = "<group>"; };
		2CCE2A0B1AACC16700FD0A57 /* ResultsViewController.swift */ = {isa = PBXFileReference; fileEncoding = 4; lastKnownFileType = sourcecode.swift; path = ResultsViewController.swift; sourceTree = "<group>"; };
		2CCE2A0D1AACC1E500FD0A57 /* iUIDatePicker.swift */ = {isa = PBXFileReference; fileEncoding = 4; lastKnownFileType = sourcecode.swift; path = iUIDatePicker.swift; sourceTree = "<group>"; };
		2CCFAE261ABDE36C00D5E360 /* iUITextField.swift */ = {isa = PBXFileReference; fileEncoding = 4; lastKnownFileType = sourcecode.swift; path = iUITextField.swift; sourceTree = "<group>"; };
		2CE603611AD2F2090085A3C5 /* TableScoresViewController.swift */ = {isa = PBXFileReference; fileEncoding = 4; lastKnownFileType = sourcecode.swift; path = TableScoresViewController.swift; sourceTree = "<group>"; };
/* End PBXFileReference section */

/* Begin PBXFrameworksBuildPhase section */
		2CCE29D41AAC9B9400FD0A57 /* Frameworks */ = {
			isa = PBXFrameworksBuildPhase;
			buildActionMask = 2147483647;
			files = (
			);
			runOnlyForDeploymentPostprocessing = 0;
		};
		2CCE29EC1AAC9B9400FD0A57 /* Frameworks */ = {
			isa = PBXFrameworksBuildPhase;
			buildActionMask = 2147483647;
			files = (
			);
			runOnlyForDeploymentPostprocessing = 0;
		};
/* End PBXFrameworksBuildPhase section */

/* Begin PBXGroup section */
		2CCE29CE1AAC9B9400FD0A57 = {
			isa = PBXGroup;
			children = (
				2CCE29D91AAC9B9400FD0A57 /* iPokerlist */,
				2CCE29F21AAC9B9400FD0A57 /* iPokerlistTests */,
				2CCE29D81AAC9B9400FD0A57 /* Products */,
			);
			sourceTree = "<group>";
		};
		2CCE29D81AAC9B9400FD0A57 /* Products */ = {
			isa = PBXGroup;
			children = (
				2CCE29D71AAC9B9400FD0A57 /* iPokerlist.app */,
				2CCE29EF1AAC9B9400FD0A57 /* iPokerlistTests.xctest */,
			);
			name = Products;
			sourceTree = "<group>";
		};
		2CCE29D91AAC9B9400FD0A57 /* iPokerlist */ = {
			isa = PBXGroup;
			children = (
				2CCE29DC1AAC9B9400FD0A57 /* AppDelegate.swift */,
				2C1E4A131AC34A7900119261 /* BackUpCode.swift */,
				2CCE29E11AAC9B9400FD0A57 /* ViewController.swift */,
				2CE603611AD2F2090085A3C5 /* TableScoresViewController.swift */,
				2C1E4A171AC3509900119261 /* PersonsStatsViewController.swift */,
				2C1E4A151AC34FAE00119261 /* SettingsViewController.swift */,
				2CCE2A0B1AACC16700FD0A57 /* ResultsViewController.swift */,
				2CAD85341AAE27DD009EDA67 /* PersonsViewController.swift */,
				2CCE29FF1AAC9CAE00FD0A57 /* Classes */,
				2CCE2A001AAC9CB900FD0A57 /* Helpclasses */,
				2CCE29DA1AAC9B9400FD0A57 /* Supporting Files */,
			);
			path = iPokerlist;
			sourceTree = "<group>";
		};
		2CCE29DA1AAC9B9400FD0A57 /* Supporting Files */ = {
			isa = PBXGroup;
			children = (
				2CCE29DE1AAC9B9400FD0A57 /* iPokerlist.xcdatamodeld */,
				2CCE29E31AAC9B9400FD0A57 /* Main.storyboard */,
				2CCE29E61AAC9B9400FD0A57 /* Images.xcassets */,
				2CCE29E81AAC9B9400FD0A57 /* LaunchScreen.xib */,
				2CCE29DB1AAC9B9400FD0A57 /* Info.plist */,
			);
			name = "Supporting Files";
			sourceTree = "<group>";
		};
		2CCE29F21AAC9B9400FD0A57 /* iPokerlistTests */ = {
			isa = PBXGroup;
			children = (
				2CCE29F51AAC9B9400FD0A57 /* iPokerlistTests.swift */,
				2CCE29F31AAC9B9400FD0A57 /* Supporting Files */,
			);
			path = iPokerlistTests;
			sourceTree = "<group>";
		};
		2CCE29F31AAC9B9400FD0A57 /* Supporting Files */ = {
			isa = PBXGroup;
			children = (
				2CCE29F41AAC9B9400FD0A57 /* Info.plist */,
			);
			name = "Supporting Files";
			sourceTree = "<group>";
		};
		2CCE29FF1AAC9CAE00FD0A57 /* Classes */ = {
			isa = PBXGroup;
			children = (
				2C1151291AD57A9E004DB4C7 /* CDData.swift */,
				2CCE2A051AAC9DB000FD0A57 /* Data.swift */,
				2CCE2A071AAC9DBF00FD0A57 /* Persons.swift */,
				2CCE2A091AACA26800FD0A57 /* Results.swift */,
				2C62F54B1AD96046003594D0 /* Pokerlists.swift */,
				2CC387C21AAF6B610007B889 /* Scores.swift */,
				2C5493B31AB0CA95005F0D19 /* ScoreGroups.swift */,
			);
			name = Classes;
			sourceTree = "<group>";
		};
		2CCE2A001AAC9CB900FD0A57 /* Helpclasses */ = {
			isa = PBXGroup;
			children = (
				2CCE2A0D1AACC1E500FD0A57 /* iUIDatePicker.swift */,
				2CCFAE261ABDE36C00D5E360 /* iUITextField.swift */,
				2CCE2A011AAC9D7200FD0A57 /* Extensions.swift */,
				2CCE2A031AAC9D8700FD0A57 /* Functions.swift */,
				2CAD85361AAE27FA009EDA67 /* AlertViewController.swift */,
			);
			name = Helpclasses;
			sourceTree = "<group>";
		};
/* End PBXGroup section */

/* Begin PBXNativeTarget section */
		2CCE29D61AAC9B9400FD0A57 /* iPokerlist */ = {
			isa = PBXNativeTarget;
			buildConfigurationList = 2CCE29F91AAC9B9400FD0A57 /* Build configuration list for PBXNativeTarget "iPokerlist" */;
			buildPhases = (
				2CCE29D31AAC9B9400FD0A57 /* Sources */,
				2CCE29D41AAC9B9400FD0A57 /* Frameworks */,
				2CCE29D51AAC9B9400FD0A57 /* Resources */,
			);
			buildRules = (
			);
			dependencies = (
			);
			name = iPokerlist;
			productName = iPokerlist;
			productReference = 2CCE29D71AAC9B9400FD0A57 /* iPokerlist.app */;
			productType = "com.apple.product-type.application";
		};
		2CCE29EE1AAC9B9400FD0A57 /* iPokerlistTests */ = {
			isa = PBXNativeTarget;
			buildConfigurationList = 2CCE29FC1AAC9B9400FD0A57 /* Build configuration list for PBXNativeTarget "iPokerlistTests" */;
			buildPhases = (
				2CCE29EB1AAC9B9400FD0A57 /* Sources */,
				2CCE29EC1AAC9B9400FD0A57 /* Frameworks */,
				2CCE29ED1AAC9B9400FD0A57 /* Resources */,
			);
			buildRules = (
			);
			dependencies = (
				2CCE29F11AAC9B9400FD0A57 /* PBXTargetDependency */,
			);
			name = iPokerlistTests;
			productName = iPokerlistTests;
			productReference = 2CCE29EF1AAC9B9400FD0A57 /* iPokerlistTests.xctest */;
			productType = "com.apple.product-type.bundle.unit-test";
		};
/* End PBXNativeTarget section */

/* Begin PBXProject section */
		2CCE29CF1AAC9B9400FD0A57 /* Project object */ = {
			isa = PBXProject;
			attributes = {
				LastUpgradeCheck = 0610;
				ORGANIZATIONNAME = "Oliver Rosner";
				TargetAttributes = {
					2CCE29D61AAC9B9400FD0A57 = {
						CreatedOnToolsVersion = 6.1.1;
					};
					2CCE29EE1AAC9B9400FD0A57 = {
						CreatedOnToolsVersion = 6.1.1;
						TestTargetID = 2CCE29D61AAC9B9400FD0A57;
					};
				};
			};
			buildConfigurationList = 2CCE29D21AAC9B9400FD0A57 /* Build configuration list for PBXProject "iPokerlist" */;
			compatibilityVersion = "Xcode 3.2";
			developmentRegion = English;
			hasScannedForEncodings = 0;
			knownRegions = (
				en,
				Base,
			);
			mainGroup = 2CCE29CE1AAC9B9400FD0A57;
			productRefGroup = 2CCE29D81AAC9B9400FD0A57 /* Products */;
			projectDirPath = "";
			projectRoot = "";
			targets = (
				2CCE29D61AAC9B9400FD0A57 /* iPokerlist */,
				2CCE29EE1AAC9B9400FD0A57 /* iPokerlistTests */,
			);
		};
/* End PBXProject section */

/* Begin PBXResourcesBuildPhase section */
		2CCE29D51AAC9B9400FD0A57 /* Resources */ = {
			isa = PBXResourcesBuildPhase;
			buildActionMask = 2147483647;
			files = (
				2CCE29E51AAC9B9400FD0A57 /* Main.storyboard in Resources */,
				2CCE29EA1AAC9B9400FD0A57 /* LaunchScreen.xib in Resources */,
				2CCE29E71AAC9B9400FD0A57 /* Images.xcassets in Resources */,
			);
			runOnlyForDeploymentPostprocessing = 0;
		};
		2CCE29ED1AAC9B9400FD0A57 /* Resources */ = {
			isa = PBXResourcesBuildPhase;
			buildActionMask = 2147483647;
			files = (
			);
			runOnlyForDeploymentPostprocessing = 0;
		};
/* End PBXResourcesBuildPhase section */

/* Begin PBXSourcesBuildPhase section */
		2CCE29D31AAC9B9400FD0A57 /* Sources */ = {
			isa = PBXSourcesBuildPhase;
			buildActionMask = 2147483647;
			files = (
				2CCE29E21AAC9B9400FD0A57 /* ViewController.swift in Sources */,
				2CCE2A081AAC9DBF00FD0A57 /* Persons.swift in Sources */,
				2CCFAE271ABDE36C00D5E360 /* iUITextField.swift in Sources */,
				2CCE2A0A1AACA26800FD0A57 /* Results.swift in Sources */,
				2C11512A1AD57A9E004DB4C7 /* CDData.swift in Sources */,
				2CCE2A061AAC9DB000FD0A57 /* Data.swift in Sources */,
				2CE603621AD2F2090085A3C5 /* TableScoresViewController.swift in Sources */,
				2CCE29DD1AAC9B9400FD0A57 /* AppDelegate.swift in Sources */,
				2CCE2A0E1AACC1E500FD0A57 /* iUIDatePicker.swift in Sources */,
				2C5493B41AB0CA95005F0D19 /* ScoreGroups.swift in Sources */,
				2CAD85351AAE27DD009EDA67 /* PersonsViewController.swift in Sources */,
				2CC387C31AAF6B610007B889 /* Scores.swift in Sources */,
				2C62F54C1AD96046003594D0 /* Pokerlists.swift in Sources */,
				2CAD85371AAE27FA009EDA67 /* AlertViewController.swift in Sources */,
				2CCE2A0C1AACC16700FD0A57 /* ResultsViewController.swift in Sources */,
				2C1E4A161AC34FAE00119261 /* SettingsViewController.swift in Sources */,
				2C1E4A141AC34A7900119261 /* BackUpCode.swift in Sources */,
				2CCE29E01AAC9B9400FD0A57 /* iPokerlist.xcdatamodeld in Sources */,
				2CCE2A041AAC9D8700FD0A57 /* Functions.swift in Sources */,
				2C1E4A181AC3509900119261 /* PersonsStatsViewController.swift in Sources */,
				2CCE2A021AAC9D7200FD0A57 /* Extensions.swift in Sources */,
			);
			runOnlyForDeploymentPostprocessing = 0;
		};
		2CCE29EB1AAC9B9400FD0A57 /* Sources */ = {
			isa = PBXSourcesBuildPhase;
			buildActionMask = 2147483647;
			files = (
				2CCE29F61AAC9B9400FD0A57 /* iPokerlistTests.swift in Sources */,
			);
			runOnlyForDeploymentPostprocessing = 0;
		};
/* End PBXSourcesBuildPhase section */

/* Begin PBXTargetDependency section */
		2CCE29F11AAC9B9400FD0A57 /* PBXTargetDependency */ = {
			isa = PBXTargetDependency;
			target = 2CCE29D61AAC9B9400FD0A57 /* iPokerlist */;
			targetProxy = 2CCE29F01AAC9B9400FD0A57 /* PBXContainerItemProxy */;
		};
/* End PBXTargetDependency section */

/* Begin PBXVariantGroup section */
		2CCE29E31AAC9B9400FD0A57 /* Main.storyboard */ = {
			isa = PBXVariantGroup;
			children = (
				2CCE29E41AAC9B9400FD0A57 /* Base */,
			);
			name = Main.storyboard;
			sourceTree = "<group>";
		};
		2CCE29E81AAC9B9400FD0A57 /* LaunchScreen.xib */ = {
			isa = PBXVariantGroup;
			children = (
				2CCE29E91AAC9B9400FD0A57 /* Base */,
			);
			name = LaunchScreen.xib;
			sourceTree = "<group>";
		};
/* End PBXVariantGroup section */

/* Begin XCBuildConfiguration section */
		2CCE29F71AAC9B9400FD0A57 /* Debug */ = {
			isa = XCBuildConfiguration;
			buildSettings = {
				ALWAYS_SEARCH_USER_PATHS = NO;
				CLANG_CXX_LANGUAGE_STANDARD = "gnu++0x";
				CLANG_CXX_LIBRARY = "libc++";
				CLANG_ENABLE_MODULES = YES;
				CLANG_ENABLE_OBJC_ARC = YES;
				CLANG_WARN_BOOL_CONVERSION = YES;
				CLANG_WARN_CONSTANT_CONVERSION = YES;
				CLANG_WARN_DIRECT_OBJC_ISA_USAGE = YES_ERROR;
				CLANG_WARN_EMPTY_BODY = YES;
				CLANG_WARN_ENUM_CONVERSION = YES;
				CLANG_WARN_INT_CONVERSION = YES;
				CLANG_WARN_OBJC_ROOT_CLASS = YES_ERROR;
				CLANG_WARN_UNREACHABLE_CODE = YES;
				CLANG_WARN__DUPLICATE_METHOD_MATCH = YES;
				"CODE_SIGN_IDENTITY[sdk=iphoneos*]" = "iPhone Developer";
				COPY_PHASE_STRIP = NO;
				ENABLE_STRICT_OBJC_MSGSEND = YES;
				GCC_C_LANGUAGE_STANDARD = gnu99;
				GCC_DYNAMIC_NO_PIC = NO;
				GCC_OPTIMIZATION_LEVEL = 0;
				GCC_PREPROCESSOR_DEFINITIONS = (
					"DEBUG=1",
					"$(inherited)",
				);
				GCC_SYMBOLS_PRIVATE_EXTERN = NO;
				GCC_WARN_64_TO_32_BIT_CONVERSION = YES;
				GCC_WARN_ABOUT_RETURN_TYPE = YES_ERROR;
				GCC_WARN_UNDECLARED_SELECTOR = YES;
				GCC_WARN_UNINITIALIZED_AUTOS = YES_AGGRESSIVE;
				GCC_WARN_UNUSED_FUNCTION = YES;
				GCC_WARN_UNUSED_VARIABLE = YES;
				IPHONEOS_DEPLOYMENT_TARGET = 8.1;
				MTL_ENABLE_DEBUG_INFO = YES;
				ONLY_ACTIVE_ARCH = YES;
				SDKROOT = iphoneos;
				SWIFT_OPTIMIZATION_LEVEL = "-Onone";
				TARGETED_DEVICE_FAMILY = "1,2";
			};
			name = Debug;
		};
		2CCE29F81AAC9B9400FD0A57 /* Release */ = {
			isa = XCBuildConfiguration;
			buildSettings = {
				ALWAYS_SEARCH_USER_PATHS = NO;
				CLANG_CXX_LANGUAGE_STANDARD = "gnu++0x";
				CLANG_CXX_LIBRARY = "libc++";
				CLANG_ENABLE_MODULES = YES;
				CLANG_ENABLE_OBJC_ARC = YES;
				CLANG_WARN_BOOL_CONVERSION = YES;
				CLANG_WARN_CONSTANT_CONVERSION = YES;
				CLANG_WARN_DIRECT_OBJC_ISA_USAGE = YES_ERROR;
				CLANG_WARN_EMPTY_BODY = YES;
				CLANG_WARN_ENUM_CONVERSION = YES;
				CLANG_WARN_INT_CONVERSION = YES;
				CLANG_WARN_OBJC_ROOT_CLASS = YES_ERROR;
				CLANG_WARN_UNREACHABLE_CODE = YES;
				CLANG_WARN__DUPLICATE_METHOD_MATCH = YES;
				"CODE_SIGN_IDENTITY[sdk=iphoneos*]" = "iPhone Developer";
				COPY_PHASE_STRIP = YES;
				ENABLE_NS_ASSERTIONS = NO;
				ENABLE_STRICT_OBJC_MSGSEND = YES;
				GCC_C_LANGUAGE_STANDARD = gnu99;
				GCC_WARN_64_TO_32_BIT_CONVERSION = YES;
				GCC_WARN_ABOUT_RETURN_TYPE = YES_ERROR;
				GCC_WARN_UNDECLARED_SELECTOR = YES;
				GCC_WARN_UNINITIALIZED_AUTOS = YES_AGGRESSIVE;
				GCC_WARN_UNUSED_FUNCTION = YES;
				GCC_WARN_UNUSED_VARIABLE = YES;
				IPHONEOS_DEPLOYMENT_TARGET = 8.1;
				MTL_ENABLE_DEBUG_INFO = NO;
				SDKROOT = iphoneos;
				TARGETED_DEVICE_FAMILY = "1,2";
				VALIDATE_PRODUCT = YES;
			};
			name = Release;
		};
		2CCE29FA1AAC9B9400FD0A57 /* Debug */ = {
			isa = XCBuildConfiguration;
			buildSettings = {
				ASSETCATALOG_COMPILER_APPICON_NAME = AppIcon;
				INFOPLIST_FILE = iPokerlist/Info.plist;
				LD_RUNPATH_SEARCH_PATHS = "$(inherited) @executable_path/Frameworks";
				PRODUCT_NAME = "$(TARGET_NAME)";
			};
			name = Debug;
		};
		2CCE29FB1AAC9B9400FD0A57 /* Release */ = {
			isa = XCBuildConfiguration;
			buildSettings = {
				ASSETCATALOG_COMPILER_APPICON_NAME = AppIcon;
				INFOPLIST_FILE = iPokerlist/Info.plist;
				LD_RUNPATH_SEARCH_PATHS = "$(inherited) @executable_path/Frameworks";
				PRODUCT_NAME = "$(TARGET_NAME)";
			};
			name = Release;
		};
		2CCE29FD1AAC9B9400FD0A57 /* Debug */ = {
			isa = XCBuildConfiguration;
			buildSettings = {
				BUNDLE_LOADER = "$(TEST_HOST)";
				FRAMEWORK_SEARCH_PATHS = (
					"$(SDKROOT)/Developer/Library/Frameworks",
					"$(inherited)",
				);
				GCC_PREPROCESSOR_DEFINITIONS = (
					"DEBUG=1",
					"$(inherited)",
				);
				INFOPLIST_FILE = iPokerlistTests/Info.plist;
				LD_RUNPATH_SEARCH_PATHS = "$(inherited) @executable_path/Frameworks @loader_path/Frameworks";
				PRODUCT_NAME = "$(TARGET_NAME)";
				TEST_HOST = "$(BUILT_PRODUCTS_DIR)/iPokerlist.app/iPokerlist";
			};
			name = Debug;
		};
		2CCE29FE1AAC9B9400FD0A57 /* Release */ = {
			isa = XCBuildConfiguration;
			buildSettings = {
				BUNDLE_LOADER = "$(TEST_HOST)";
				FRAMEWORK_SEARCH_PATHS = (
					"$(SDKROOT)/Developer/Library/Frameworks",
					"$(inherited)",
				);
				INFOPLIST_FILE = iPokerlistTests/Info.plist;
				LD_RUNPATH_SEARCH_PATHS = "$(inherited) @executable_path/Frameworks @loader_path/Frameworks";
				PRODUCT_NAME = "$(TARGET_NAME)";
				TEST_HOST = "$(BUILT_PRODUCTS_DIR)/iPokerlist.app/iPokerlist";
			};
			name = Release;
		};
/* End XCBuildConfiguration section */

/* Begin XCConfigurationList section */
		2CCE29D21AAC9B9400FD0A57 /* Build configuration list for PBXProject "iPokerlist" */ = {
			isa = XCConfigurationList;
			buildConfigurations = (
				2CCE29F71AAC9B9400FD0A57 /* Debug */,
				2CCE29F81AAC9B9400FD0A57 /* Release */,
			);
			defaultConfigurationIsVisible = 0;
			defaultConfigurationName = Release;
		};
		2CCE29F91AAC9B9400FD0A57 /* Build configuration list for PBXNativeTarget "iPokerlist" */ = {
			isa = XCConfigurationList;
			buildConfigurations = (
				2CCE29FA1AAC9B9400FD0A57 /* Debug */,
				2CCE29FB1AAC9B9400FD0A57 /* Release */,
			);
			defaultConfigurationIsVisible = 0;
			defaultConfigurationName = Release;
		};
		2CCE29FC1AAC9B9400FD0A57 /* Build configuration list for PBXNativeTarget "iPokerlistTests" */ = {
			isa = XCConfigurationList;
			buildConfigurations = (
				2CCE29FD1AAC9B9400FD0A57 /* Debug */,
				2CCE29FE1AAC9B9400FD0A57 /* Release */,
			);
			defaultConfigurationIsVisible = 0;
			defaultConfigurationName = Release;
		};
/* End XCConfigurationList section */

/* Begin XCVersionGroup section */
		2CCE29DE1AAC9B9400FD0A57 /* iPokerlist.xcdatamodeld */ = {
			isa = XCVersionGroup;
			children = (
				2CCE29DF1AAC9B9400FD0A57 /* iPokerlist.xcdatamodel */,
			);
			currentVersion = 2CCE29DF1AAC9B9400FD0A57 /* iPokerlist.xcdatamodel */;
			path = iPokerlist.xcdatamodeld;
			sourceTree = "<group>";
			versionGroupType = wrapper.xcdatamodel;
		};
/* End XCVersionGroup section */
	};
	rootObject = 2CCE29CF1AAC9B9400FD0A57 /* Project object */;
}
